
Microsoft Visual Studio Solution File, Format Version 12.00
# Visual Studio Version 17
VisualStudioVersion = 17.14.36603.0 d17.14
MinimumVisualStudioVersion = 10.0.40219.1
Project("{2150E333-8FDC-42A3-9474-1A3956D46DE8}") = "src", "src", "{02EA681E-C7D8-13C7-8484-4AC65E1B71E8}"
EndProject
Project("{2150E333-8FDC-42A3-9474-1A3956D46DE8}") = "tests", "tests", "{3CC20EF9-3357-4A57-8559-692A1E9DB4F6}"
EndProject
Project("{FAE04EC0-301F-11D3-BF4B-00C04F79EFBC}") = "zenblog.api", "src\zenblog.api\zenblog.api.csproj", "{E67BDE85-1815-4538-86D0-2BA24964DE09}"
EndProject
Project("{FAE04EC0-301F-11D3-BF4B-00C04F79EFBC}") = "zenblog.infrastructure", "src\zenblog.infrastructure\zenblog.infrastructure.csproj", "{472D1149-62B2-4E1E-AD6C-B05B1F9F3C6F}"
EndProject
Project("{FAE04EC0-301F-11D3-BF4B-00C04F79EFBC}") = "zenblog.domain", "src\zenblog.domain\zenblog.domain.csproj", "{C580BE1A-DE91-454E-9DE8-5017B5B05D8F}"
EndProject
Project("{FAE04EC0-301F-11D3-BF4B-00C04F79EFBC}") = "zenblog.application", "src\zenblog.application\zenblog.application.csproj", "{8B7E550E-E21F-4ACB-8A10-E78312FB46AD}"
EndProject
Global
	GlobalSection(SolutionConfigurationPlatforms) = preSolution
		Debug|Any CPU = Debug|Any CPU
		Release|Any CPU = Release|Any CPU
	EndGlobalSection
	GlobalSection(ProjectConfigurationPlatforms) = postSolution
		{E67BDE85-1815-4538-86D0-2BA24964DE09}.Debug|Any CPU.ActiveCfg = Debug|Any CPU
		{E67BDE85-1815-4538-86D0-2BA24964DE09}.Debug|Any CPU.Build.0 = Debug|Any CPU
		{E67BDE85-1815-4538-86D0-2BA24964DE09}.Release|Any CPU.ActiveCfg = Release|Any CPU
		{E67BDE85-1815-4538-86D0-2BA24964DE09}.Release|Any CPU.Build.0 = Release|Any CPU
		{472D1149-62B2-4E1E-AD6C-B05B1F9F3C6F}.Debug|Any CPU.ActiveCfg = Debug|Any CPU
		{472D1149-62B2-4E1E-AD6C-B05B1F9F3C6F}.Debug|Any CPU.Build.0 = Debug|Any CPU
		{472D1149-62B2-4E1E-AD6C-B05B1F9F3C6F}.Release|Any CPU.ActiveCfg = Release|Any CPU
		{472D1149-62B2-4E1E-AD6C-B05B1F9F3C6F}.Release|Any CPU.Build.0 = Release|Any CPU
		{C580BE1A-DE91-454E-9DE8-5017B5B05D8F}.Debug|Any CPU.ActiveCfg = Debug|Any CPU
		{C580BE1A-DE91-454E-9DE8-5017B5B05D8F}.Debug|Any CPU.Build.0 = Debug|Any CPU
		{C580BE1A-DE91-454E-9DE8-5017B5B05D8F}.Release|Any CPU.ActiveCfg = Release|Any CPU
		{C580BE1A-DE91-454E-9DE8-5017B5B05D8F}.Release|Any CPU.Build.0 = Release|Any CPU
		{8B7E550E-E21F-4ACB-8A10-E78312FB46AD}.Debug|Any CPU.ActiveCfg = Debug|Any CPU
		{8B7E550E-E21F-4ACB-8A10-E78312FB46AD}.Debug|Any CPU.Build.0 = Debug|Any CPU
		{8B7E550E-E21F-4ACB-8A10-E78312FB46AD}.Release|Any CPU.ActiveCfg = Release|Any CPU
		{8B7E550E-E21F-4ACB-8A10-E78312FB46AD}.Release|Any CPU.Build.0 = Release|Any CPU
	EndGlobalSection
	GlobalSection(SolutionProperties) = preSolution
		HideSolutionNode = FALSE
	EndGlobalSection
	GlobalSection(NestedProjects) = preSolution
		{E67BDE85-1815-4538-86D0-2BA24964DE09} = {02EA681E-C7D8-13C7-8484-4AC65E1B71E8}
		{472D1149-62B2-4E1E-AD6C-B05B1F9F3C6F} = {02EA681E-C7D8-13C7-8484-4AC65E1B71E8}
		{C580BE1A-DE91-454E-9DE8-5017B5B05D8F} = {02EA681E-C7D8-13C7-8484-4AC65E1B71E8}
		{8B7E550E-E21F-4ACB-8A10-E78312FB46AD} = {02EA681E-C7D8-13C7-8484-4AC65E1B71E8}
	EndGlobalSection
	GlobalSection(ExtensibilityGlobals) = postSolution
		SolutionGuid = {3CE6620B-F91C-4848-B3D8-B52F0A4C261C}
	EndGlobalSection
EndGlobal
